// !$*UTF8*$!
{
	archiveVersion = 1;
	classes = {
	};
	objectVersion = 56;
	objects = {

/* Begin PBXBuildFile section */
		F80F675B2C709A6B0009D517 /* SnapKit in Frameworks */ = {isa = PBXBuildFile; productRef = F80F675A2C709A6B0009D517 /* SnapKit */; };
		F80F67642C709B670009D517 /* Extension+UICollectionViewCell.swift in Sources */ = {isa = PBXBuildFile; fileRef = F80F67632C709B670009D517 /* Extension+UICollectionViewCell.swift */; };
		F80F67662C709B780009D517 /* Extension+Decimal.swift in Sources */ = {isa = PBXBuildFile; fileRef = F80F67652C709B780009D517 /* Extension+Decimal.swift */; };
		F80F67682C709B820009D517 /* Extension+String.swift in Sources */ = {isa = PBXBuildFile; fileRef = F80F67672C709B820009D517 /* Extension+String.swift */; };
		F80F676A2C709B920009D517 /* HomeUIModelHelper.swift in Sources */ = {isa = PBXBuildFile; fileRef = F80F67692C709B920009D517 /* HomeUIModelHelper.swift */; };
		F80F676D2C709BBE0009D517 /* payload.json in Resources */ = {isa = PBXBuildFile; fileRef = F80F676C2C709BBE0009D517 /* payload.json */; };
		F80F676F2C709BEE0009D517 /* UIHomeModel.swift in Sources */ = {isa = PBXBuildFile; fileRef = F80F676E2C709BEE0009D517 /* UIHomeModel.swift */; };
		F80F67712C709BF40009D517 /* Category.swift in Sources */ = {isa = PBXBuildFile; fileRef = F80F67702C709BF40009D517 /* Category.swift */; };
		F80F67732C709BFE0009D517 /* APIResponse.swift in Sources */ = {isa = PBXBuildFile; fileRef = F80F67722C709BFE0009D517 /* APIResponse.swift */; };
		F80F67752C709C0C0009D517 /* CourseView.swift in Sources */ = {isa = PBXBuildFile; fileRef = F80F67742C709C0C0009D517 /* CourseView.swift */; };
		F80F67772C709C1B0009D517 /* ReviewRatingView.swift in Sources */ = {isa = PBXBuildFile; fileRef = F80F67762C709C1B0009D517 /* ReviewRatingView.swift */; };
		F80F67792C709C2E0009D517 /* UdemyBusinessView.swift in Sources */ = {isa = PBXBuildFile; fileRef = F80F67782C709C2E0009D517 /* UdemyBusinessView.swift */; };
		F80F677B2C709C340009D517 /* CategoriesView.swift in Sources */ = {isa = PBXBuildFile; fileRef = F80F677A2C709C340009D517 /* CategoriesView.swift */; };
		F80F677D2C709C400009D517 /* MainBannerView.swift in Sources */ = {isa = PBXBuildFile; fileRef = F80F677C2C709C400009D517 /* MainBannerView.swift */; };
		F80F677F2C709C4D0009D517 /* PlaceholderImageView.swift in Sources */ = {isa = PBXBuildFile; fileRef = F80F677E2C709C4D0009D517 /* PlaceholderImageView.swift */; };
		F80F67812C709C5E0009D517 /* FeatureCourseView.swift in Sources */ = {isa = PBXBuildFile; fileRef = F80F67802C709C5E0009D517 /* FeatureCourseView.swift */; };
		F80F67832C709C750009D517 /* HomeCollectionView.swift in Sources */ = {isa = PBXBuildFile; fileRef = F80F67822C709C750009D517 /* HomeCollectionView.swift */; };
		F859F0E42C70964800D3A10E /* AppDelegate.swift in Sources */ = {isa = PBXBuildFile; fileRef = F859F0E32C70964800D3A10E /* AppDelegate.swift */; };
		F859F0E62C70964800D3A10E /* SceneDelegate.swift in Sources */ = {isa = PBXBuildFile; fileRef = F859F0E52C70964800D3A10E /* SceneDelegate.swift */; };
		F859F0E82C70964800D3A10E /* ViewController.swift in Sources */ = {isa = PBXBuildFile; fileRef = F859F0E72C70964800D3A10E /* ViewController.swift */; };
		F859F0EB2C70964800D3A10E /* Base in Resources */ = {isa = PBXBuildFile; fileRef = F859F0EA2C70964800D3A10E /* Base */; };
		F859F0ED2C70964A00D3A10E /* Assets.xcassets in Resources */ = {isa = PBXBuildFile; fileRef = F859F0EC2C70964A00D3A10E /* Assets.xcassets */; };
		F859F0F02C70964A00D3A10E /* Base in Resources */ = {isa = PBXBuildFile; fileRef = F859F0EF2C70964A00D3A10E /* Base */; };
/* End PBXBuildFile section */

/* Begin PBXFileReference section */
		F80F67632C709B670009D517 /* Extension+UICollectionViewCell.swift */ = {isa = PBXFileReference; lastKnownFileType = sourcecode.swift; path = "Extension+UICollectionViewCell.swift"; sourceTree = "<group>"; };
		F80F67652C709B780009D517 /* Extension+Decimal.swift */ = {isa = PBXFileReference; lastKnownFileType = sourcecode.swift; path = "Extension+Decimal.swift"; sourceTree = "<group>"; };
		F80F67672C709B820009D517 /* Extension+String.swift */ = {isa = PBXFileReference; lastKnownFileType = sourcecode.swift; path = "Extension+String.swift"; sourceTree = "<group>"; };
		F80F67692C709B920009D517 /* HomeUIModelHelper.swift */ = {isa = PBXFileReference; lastKnownFileType = sourcecode.swift; path = HomeUIModelHelper.swift; sourceTree = "<group>"; };
		F80F676C2C709BBE0009D517 /* payload.json */ = {isa = PBXFileReference; lastKnownFileType = text.json; path = payload.json; sourceTree = "<group>"; };
		F80F676E2C709BEE0009D517 /* UIHomeModel.swift */ = {isa = PBXFileReference; lastKnownFileType = sourcecode.swift; path = UIHomeModel.swift; sourceTree = "<group>"; };
		F80F67702C709BF40009D517 /* Category.swift */ = {isa = PBXFileReference; lastKnownFileType = sourcecode.swift; path = Category.swift; sourceTree = "<group>"; };
		F80F67722C709BFE0009D517 /* APIResponse.swift */ = {isa = PBXFileReference; lastKnownFileType = sourcecode.swift; path = APIResponse.swift; sourceTree = "<group>"; };
		F80F67742C709C0C0009D517 /* CourseView.swift */ = {isa = PBXFileReference; lastKnownFileType = sourcecode.swift; path = CourseView.swift; sourceTree = "<group>"; };
		F80F67762C709C1B0009D517 /* ReviewRatingView.swift */ = {isa = PBXFileReference; lastKnownFileType = sourcecode.swift; path = ReviewRatingView.swift; sourceTree = "<group>"; };
		F80F67782C709C2E0009D517 /* UdemyBusinessView.swift */ = {isa = PBXFileReference; lastKnownFileType = sourcecode.swift; path = UdemyBusinessView.swift; sourceTree = "<group>"; };
		F80F677A2C709C340009D517 /* CategoriesView.swift */ = {isa = PBXFileReference; lastKnownFileType = sourcecode.swift; path = CategoriesView.swift; sourceTree = "<group>"; };
		F80F677C2C709C400009D517 /* MainBannerView.swift */ = {isa = PBXFileReference; lastKnownFileType = sourcecode.swift; path = MainBannerView.swift; sourceTree = "<group>"; };
		F80F677E2C709C4D0009D517 /* PlaceholderImageView.swift */ = {isa = PBXFileReference; lastKnownFileType = sourcecode.swift; path = PlaceholderImageView.swift; sourceTree = "<group>"; };
		F80F67802C709C5E0009D517 /* FeatureCourseView.swift */ = {isa = PBXFileReference; lastKnownFileType = sourcecode.swift; path = FeatureCourseView.swift; sourceTree = "<group>"; };
		F80F67822C709C750009D517 /* HomeCollectionView.swift */ = {isa = PBXFileReference; lastKnownFileType = sourcecode.swift; path = HomeCollectionView.swift; sourceTree = "<group>"; };
		F859F0E02C70964800D3A10E /* ios-udemy-home.app */ = {isa = PBXFileReference; explicitFileType = wrapper.application; includeInIndex = 0; path = "ios-udemy-home.app"; sourceTree = BUILT_PRODUCTS_DIR; };
		F859F0E32C70964800D3A10E /* AppDelegate.swift */ = {isa = PBXFileReference; lastKnownFileType = sourcecode.swift; path = AppDelegate.swift; sourceTree = "<group>"; };
		F859F0E52C70964800D3A10E /* SceneDelegate.swift */ = {isa = PBXFileReference; lastKnownFileType = sourcecode.swift; path = SceneDelegate.swift; sourceTree = "<group>"; };
		F859F0E72C70964800D3A10E /* ViewController.swift */ = {isa = PBXFileReference; lastKnownFileType = sourcecode.swift; path = ViewController.swift; sourceTree = "<group>"; };
		F859F0EA2C70964800D3A10E /* Base */ = {isa = PBXFileReference; lastKnownFileType = file.storyboard; name = Base; path = Base.lproj/Main.storyboard; sourceTree = "<group>"; };
		F859F0EC2C70964A00D3A10E /* Assets.xcassets */ = {isa = PBXFileReference; lastKnownFileType = folder.assetcatalog; path = Assets.xcassets; sourceTree = "<group>"; };
		F859F0EF2C70964A00D3A10E /* Base */ = {isa = PBXFileReference; lastKnownFileType = file.storyboard; name = Base; path = Base.lproj/LaunchScreen.storyboard; sourceTree = "<group>"; };
		F859F0F12C70964A00D3A10E /* Info.plist */ = {isa = PBXFileReference; lastKnownFileType = text.plist.xml; path = Info.plist; sourceTree = "<group>"; };
/* End PBXFileReference section */

/* Begin PBXFrameworksBuildPhase section */
		F859F0DD2C70964800D3A10E /* Frameworks */ = {
			isa = PBXFrameworksBuildPhase;
			buildActionMask = 2147483647;
			files = (
				F80F675B2C709A6B0009D517 /* SnapKit in Frameworks */,
			);
			runOnlyForDeploymentPostprocessing = 0;
		};
/* End PBXFrameworksBuildPhase section */

/* Begin PBXGroup section */
		F80F675C2C709AD90009D517 /* Supporting Files */ = {
			isa = PBXGroup;
			children = (
				F859F0E32C70964800D3A10E /* AppDelegate.swift */,
				F859F0E52C70964800D3A10E /* SceneDelegate.swift */,
				F859F0E92C70964800D3A10E /* Main.storyboard */,
				F859F0EC2C70964A00D3A10E /* Assets.xcassets */,
				F859F0EE2C70964A00D3A10E /* LaunchScreen.storyboard */,
			);
			path = "Supporting Files";
			sourceTree = "<group>";
		};
		F80F675D2C709B190009D517 /* Extension */ = {
			isa = PBXGroup;
			children = (
				F80F67632C709B670009D517 /* Extension+UICollectionViewCell.swift */,
				F80F67652C709B780009D517 /* Extension+Decimal.swift */,
				F80F67672C709B820009D517 /* Extension+String.swift */,
			);
			path = Extension;
			sourceTree = "<group>";
		};
		F80F675E2C709B210009D517 /* Home */ = {
			isa = PBXGroup;
			children = (
				F80F676B2C709B9D0009D517 /* JSON */,
				F80F67822C709C750009D517 /* HomeCollectionView.swift */,
				F859F0E72C70964800D3A10E /* ViewController.swift */,
			);
			path = Home;
			sourceTree = "<group>";
		};
		F80F675F2C709B2F0009D517 /* Helper */ = {
			isa = PBXGroup;
			children = (
				F80F67692C709B920009D517 /* HomeUIModelHelper.swift */,
			);
			path = Helper;
			sourceTree = "<group>";
		};
		F80F67602C709B340009D517 /* Model */ = {
			isa = PBXGroup;
			children = (
				F80F676E2C709BEE0009D517 /* UIHomeModel.swift */,
				F80F67702C709BF40009D517 /* Category.swift */,
				F80F67722C709BFE0009D517 /* APIResponse.swift */,
			);
			path = Model;
			sourceTree = "<group>";
		};
		F80F67612C709B3A0009D517 /* SwiftUIView */ = {
			isa = PBXGroup;
			children = (
				F80F67742C709C0C0009D517 /* CourseView.swift */,
				F80F67762C709C1B0009D517 /* ReviewRatingView.swift */,
				F80F67782C709C2E0009D517 /* UdemyBusinessView.swift */,
				F80F677A2C709C340009D517 /* CategoriesView.swift */,
				F80F677C2C709C400009D517 /* MainBannerView.swift */,
				F80F677E2C709C4D0009D517 /* PlaceholderImageView.swift */,
				F80F67802C709C5E0009D517 /* FeatureCourseView.swift */,
			);
			path = SwiftUIView;
			sourceTree = "<group>";
		};
		F80F67622C709B420009D517 /* View */ = {
			isa = PBXGroup;
			children = (
			);
			path = View;
			sourceTree = "<group>";
		};
		F80F676B2C709B9D0009D517 /* JSON */ = {
			isa = PBXGroup;
			children = (
				F80F676C2C709BBE0009D517 /* payload.json */,
			);
			path = JSON;
			sourceTree = "<group>";
		};
		F859F0D72C70964800D3A10E = {
			isa = PBXGroup;
			children = (
				F859F0E22C70964800D3A10E /* ios-udemy-home */,
				F859F0E12C70964800D3A10E /* Products */,
			);
			sourceTree = "<group>";
		};
		F859F0E12C70964800D3A10E /* Products */ = {
			isa = PBXGroup;
			children = (
				F859F0E02C70964800D3A10E /* ios-udemy-home.app */,
			);
			name = Products;
			sourceTree = "<group>";
		};
		F859F0E22C70964800D3A10E /* ios-udemy-home */ = {
			isa = PBXGroup;
			children = (
				F80F67622C709B420009D517 /* View */,
				F80F67612C709B3A0009D517 /* SwiftUIView */,
				F80F67602C709B340009D517 /* Model */,
				F80F675F2C709B2F0009D517 /* Helper */,
				F80F675E2C709B210009D517 /* Home */,
				F80F675D2C709B190009D517 /* Extension */,
				F80F675C2C709AD90009D517 /* Supporting Files */,
				F859F0F12C70964A00D3A10E /* Info.plist */,
			);
			path = "ios-udemy-home";
			sourceTree = "<group>";
		};
/* End PBXGroup section */

/* Begin PBXNativeTarget section */
		F859F0DF2C70964800D3A10E /* ios-udemy-home */ = {
			isa = PBXNativeTarget;
			buildConfigurationList = F859F0F42C70964A00D3A10E /* Build configuration list for PBXNativeTarget "ios-udemy-home" */;
			buildPhases = (
				F859F0DC2C70964800D3A10E /* Sources */,
				F859F0DD2C70964800D3A10E /* Frameworks */,
				F859F0DE2C70964800D3A10E /* Resources */,
			);
			buildRules = (
			);
			dependencies = (
			);
			name = "ios-udemy-home";
			packageProductDependencies = (
				F80F675A2C709A6B0009D517 /* SnapKit */,
			);
			productName = "ios-udemy-home";
			productReference = F859F0E02C70964800D3A10E /* ios-udemy-home.app */;
			productType = "com.apple.product-type.application";
		};
/* End PBXNativeTarget section */

/* Begin PBXProject section */
		F859F0D82C70964800D3A10E /* Project object */ = {
			isa = PBXProject;
			attributes = {
				BuildIndependentTargetsInParallel = 1;
				LastSwiftUpdateCheck = 1540;
				LastUpgradeCheck = 1540;
				TargetAttributes = {
					F859F0DF2C70964800D3A10E = {
						CreatedOnToolsVersion = 15.4;
					};
				};
			};
			buildConfigurationList = F859F0DB2C70964800D3A10E /* Build configuration list for PBXProject "ios-udemy-home" */;
			compatibilityVersion = "Xcode 14.0";
			developmentRegion = en;
			hasScannedForEncodings = 0;
			knownRegions = (
				en,
				Base,
			);
			mainGroup = F859F0D72C70964800D3A10E;
			packageReferences = (
				F80F67592C709A6B0009D517 /* XCRemoteSwiftPackageReference "SnapKit" */,
			);
			productRefGroup = F859F0E12C70964800D3A10E /* Products */;
			projectDirPath = "";
			projectRoot = "";
			targets = (
				F859F0DF2C70964800D3A10E /* ios-udemy-home */,
			);
		};
/* End PBXProject section */

/* Begin PBXResourcesBuildPhase section */
		F859F0DE2C70964800D3A10E /* Resources */ = {
			isa = PBXResourcesBuildPhase;
			buildActionMask = 2147483647;
			files = (
				F859F0ED2C70964A00D3A10E /* Assets.xcassets in Resources */,
				F859F0F02C70964A00D3A10E /* Base in Resources */,
				F80F676D2C709BBE0009D517 /* payload.json in Resources */,
				F859F0EB2C70964800D3A10E /* Base in Resources */,
			);
			runOnlyForDeploymentPostprocessing = 0;
		};
/* End PBXResourcesBuildPhase section */

/* Begin PBXSourcesBuildPhase section */
		F859F0DC2C70964800D3A10E /* Sources */ = {
			isa = PBXSourcesBuildPhase;
			buildActionMask = 2147483647;
			files = (
				F80F67662C709B780009D517 /* Extension+Decimal.swift in Sources */,
				F80F67642C709B670009D517 /* Extension+UICollectionViewCell.swift in Sources */,
				F80F67682C709B820009D517 /* Extension+String.swift in Sources */,
				F80F67732C709BFE0009D517 /* APIResponse.swift in Sources */,
				F859F0E82C70964800D3A10E /* ViewController.swift in Sources */,
				F80F67832C709C750009D517 /* HomeCollectionView.swift in Sources */,
				F80F676F2C709BEE0009D517 /* UIHomeModel.swift in Sources */,
				F80F677F2C709C4D0009D517 /* PlaceholderImageView.swift in Sources */,
				F80F67712C709BF40009D517 /* Category.swift in Sources */,
				F80F67792C709C2E0009D517 /* UdemyBusinessView.swift in Sources */,
				F80F677B2C709C340009D517 /* CategoriesView.swift in Sources */,
				F80F67772C709C1B0009D517 /* ReviewRatingView.swift in Sources */,
				F80F67752C709C0C0009D517 /* CourseView.swift in Sources */,
				F80F677D2C709C400009D517 /* MainBannerView.swift in Sources */,
				F80F676A2C709B920009D517 /* HomeUIModelHelper.swift in Sources */,
				F80F67812C709C5E0009D517 /* FeatureCourseView.swift in Sources */,
				F859F0E42C70964800D3A10E /* AppDelegate.swift in Sources */,
				F859F0E62C70964800D3A10E /* SceneDelegate.swift in Sources */,
			);
			runOnlyForDeploymentPostprocessing = 0;
		};
/* End PBXSourcesBuildPhase section */

/* Begin PBXVariantGroup section */
		F859F0E92C70964800D3A10E /* Main.storyboard */ = {
			isa = PBXVariantGroup;
			children = (
				F859F0EA2C70964800D3A10E /* Base */,
			);
			name = Main.storyboard;
			sourceTree = "<group>";
		};
		F859F0EE2C70964A00D3A10E /* LaunchScreen.storyboard */ = {
			isa = PBXVariantGroup;
			children = (
				F859F0EF2C70964A00D3A10E /* Base */,
			);
			name = LaunchScreen.storyboard;
			sourceTree = "<group>";
		};
/* End PBXVariantGroup section */

/* Begin XCBuildConfiguration section */
		F859F0F22C70964A00D3A10E /* Debug */ = {
			isa = XCBuildConfiguration;
			buildSettings = {
				ALWAYS_SEARCH_USER_PATHS = NO;
				ASSETCATALOG_COMPILER_GENERATE_SWIFT_ASSET_SYMBOL_EXTENSIONS = YES;
				CLANG_ANALYZER_NONNULL = YES;
				CLANG_ANALYZER_NUMBER_OBJECT_CONVERSION = YES_AGGRESSIVE;
				CLANG_CXX_LANGUAGE_STANDARD = "gnu++20";
				CLANG_ENABLE_MODULES = YES;
				CLANG_ENABLE_OBJC_ARC = YES;
				CLANG_ENABLE_OBJC_WEAK = YES;
				CLANG_WARN_BLOCK_CAPTURE_AUTORELEASING = YES;
				CLANG_WARN_BOOL_CONVERSION = YES;
				CLANG_WARN_COMMA = YES;
				CLANG_WARN_CONSTANT_CONVERSION = YES;
				CLANG_WARN_DEPRECATED_OBJC_IMPLEMENTATIONS = YES;
				CLANG_WARN_DIRECT_OBJC_ISA_USAGE = YES_ERROR;
				CLANG_WARN_DOCUMENTATION_COMMENTS = YES;
				CLANG_WARN_EMPTY_BODY = YES;
				CLANG_WARN_ENUM_CONVERSION = YES;
				CLANG_WARN_INFINITE_RECURSION = YES;
				CLANG_WARN_INT_CONVERSION = YES;
				CLANG_WARN_NON_LITERAL_NULL_CONVERSION = YES;
				CLANG_WARN_OBJC_IMPLICIT_RETAIN_SELF = YES;
				CLANG_WARN_OBJC_LITERAL_CONVERSION = YES;
				CLANG_WARN_OBJC_ROOT_CLASS = YES_ERROR;
				CLANG_WARN_QUOTED_INCLUDE_IN_FRAMEWORK_HEADER = YES;
				CLANG_WARN_RANGE_LOOP_ANALYSIS = YES;
				CLANG_WARN_STRICT_PROTOTYPES = YES;
				CLANG_WARN_SUSPICIOUS_MOVE = YES;
				CLANG_WARN_UNGUARDED_AVAILABILITY = YES_AGGRESSIVE;
				CLANG_WARN_UNREACHABLE_CODE = YES;
				CLANG_WARN__DUPLICATE_METHOD_MATCH = YES;
				COPY_PHASE_STRIP = NO;
				DEBUG_INFORMATION_FORMAT = dwarf;
				ENABLE_STRICT_OBJC_MSGSEND = YES;
				ENABLE_TESTABILITY = YES;
				ENABLE_USER_SCRIPT_SANDBOXING = YES;
				GCC_C_LANGUAGE_STANDARD = gnu17;
				GCC_DYNAMIC_NO_PIC = NO;
				GCC_NO_COMMON_BLOCKS = YES;
				GCC_OPTIMIZATION_LEVEL = 0;
				GCC_PREPROCESSOR_DEFINITIONS = (
					"DEBUG=1",
					"$(inherited)",
				);
				GCC_WARN_64_TO_32_BIT_CONVERSION = YES;
				GCC_WARN_ABOUT_RETURN_TYPE = YES_ERROR;
				GCC_WARN_UNDECLARED_SELECTOR = YES;
				GCC_WARN_UNINITIALIZED_AUTOS = YES_AGGRESSIVE;
				GCC_WARN_UNUSED_FUNCTION = YES;
				GCC_WARN_UNUSED_VARIABLE = YES;
				IPHONEOS_DEPLOYMENT_TARGET = 17.5;
				LOCALIZATION_PREFERS_STRING_CATALOGS = YES;
				MTL_ENABLE_DEBUG_INFO = INCLUDE_SOURCE;
				MTL_FAST_MATH = YES;
				ONLY_ACTIVE_ARCH = YES;
				SDKROOT = iphoneos;
				SWIFT_ACTIVE_COMPILATION_CONDITIONS = "DEBUG $(inherited)";
				SWIFT_OPTIMIZATION_LEVEL = "-Onone";
			};
			name = Debug;
		};
		F859F0F32C70964A00D3A10E /* Release */ = {
			isa = XCBuildConfiguration;
			buildSettings = {
				ALWAYS_SEARCH_USER_PATHS = NO;
				ASSETCATALOG_COMPILER_GENERATE_SWIFT_ASSET_SYMBOL_EXTENSIONS = YES;
				CLANG_ANALYZER_NONNULL = YES;
				CLANG_ANALYZER_NUMBER_OBJECT_CONVERSION = YES_AGGRESSIVE;
				CLANG_CXX_LANGUAGE_STANDARD = "gnu++20";
				CLANG_ENABLE_MODULES = YES;
				CLANG_ENABLE_OBJC_ARC = YES;
				CLANG_ENABLE_OBJC_WEAK = YES;
				CLANG_WARN_BLOCK_CAPTURE_AUTORELEASING = YES;
				CLANG_WARN_BOOL_CONVERSION = YES;
				CLANG_WARN_COMMA = YES;
				CLANG_WARN_CONSTANT_CONVERSION = YES;
				CLANG_WARN_DEPRECATED_OBJC_IMPLEMENTATIONS = YES;
				CLANG_WARN_DIRECT_OBJC_ISA_USAGE = YES_ERROR;
				CLANG_WARN_DOCUMENTATION_COMMENTS = YES;
				CLANG_WARN_EMPTY_BODY = YES;
				CLANG_WARN_ENUM_CONVERSION = YES;
				CLANG_WARN_INFINITE_RECURSION = YES;
				CLANG_WARN_INT_CONVERSION = YES;
				CLANG_WARN_NON_LITERAL_NULL_CONVERSION = YES;
				CLANG_WARN_OBJC_IMPLICIT_RETAIN_SELF = YES;
				CLANG_WARN_OBJC_LITERAL_CONVERSION = YES;
				CLANG_WARN_OBJC_ROOT_CLASS = YES_ERROR;
				CLANG_WARN_QUOTED_INCLUDE_IN_FRAMEWORK_HEADER = YES;
				CLANG_WARN_RANGE_LOOP_ANALYSIS = YES;
				CLANG_WARN_STRICT_PROTOTYPES = YES;
				CLANG_WARN_SUSPICIOUS_MOVE = YES;
				CLANG_WARN_UNGUARDED_AVAILABILITY = YES_AGGRESSIVE;
				CLANG_WARN_UNREACHABLE_CODE = YES;
				CLANG_WARN__DUPLICATE_METHOD_MATCH = YES;
				COPY_PHASE_STRIP = NO;
				DEBUG_INFORMATION_FORMAT = "dwarf-with-dsym";
				ENABLE_NS_ASSERTIONS = NO;
				ENABLE_STRICT_OBJC_MSGSEND = YES;
				ENABLE_USER_SCRIPT_SANDBOXING = YES;
				GCC_C_LANGUAGE_STANDARD = gnu17;
				GCC_NO_COMMON_BLOCKS = YES;
				GCC_WARN_64_TO_32_BIT_CONVERSION = YES;
				GCC_WARN_ABOUT_RETURN_TYPE = YES_ERROR;
				GCC_WARN_UNDECLARED_SELECTOR = YES;
				GCC_WARN_UNINITIALIZED_AUTOS = YES_AGGRESSIVE;
				GCC_WARN_UNUSED_FUNCTION = YES;
				GCC_WARN_UNUSED_VARIABLE = YES;
				IPHONEOS_DEPLOYMENT_TARGET = 17.5;
				LOCALIZATION_PREFERS_STRING_CATALOGS = YES;
				MTL_ENABLE_DEBUG_INFO = NO;
				MTL_FAST_MATH = YES;
				SDKROOT = iphoneos;
				SWIFT_COMPILATION_MODE = wholemodule;
				VALIDATE_PRODUCT = YES;
			};
			name = Release;
		};
		F859F0F52C70964A00D3A10E /* Debug */ = {
			isa = XCBuildConfiguration;
			buildSettings = {
				ASSETCATALOG_COMPILER_APPICON_NAME = AppIcon;
				ASSETCATALOG_COMPILER_GLOBAL_ACCENT_COLOR_NAME = AccentColor;
				CODE_SIGN_STYLE = Automatic;
				CURRENT_PROJECT_VERSION = 1;
				DEVELOPMENT_TEAM = G6HATL4S2M;
				GENERATE_INFOPLIST_FILE = YES;
				INFOPLIST_FILE = "ios-udemy-home/Info.plist";
				INFOPLIST_KEY_CFBundleDisplayName = Udemy;
				INFOPLIST_KEY_UIApplicationSupportsIndirectInputEvents = YES;
				INFOPLIST_KEY_UILaunchStoryboardName = LaunchScreen;
				INFOPLIST_KEY_UIMainStoryboardFile = Main;
				INFOPLIST_KEY_UISupportedInterfaceOrientations_iPad = "UIInterfaceOrientationPortrait UIInterfaceOrientationPortraitUpsideDown UIInterfaceOrientationLandscapeLeft UIInterfaceOrientationLandscapeRight";
				INFOPLIST_KEY_UISupportedInterfaceOrientations_iPhone = "UIInterfaceOrientationPortrait UIInterfaceOrientationLandscapeLeft UIInterfaceOrientationLandscapeRight";
				IPHONEOS_DEPLOYMENT_TARGET = 13.0;
				LD_RUNPATH_SEARCH_PATHS = (
					"$(inherited)",
					"@executable_path/Frameworks",
				);
				MARKETING_VERSION = 1.0;
				PRODUCT_BUNDLE_IDENTIFIER = "br.com.shaft.ios-udemy-home";
				PRODUCT_NAME = "$(TARGET_NAME)";
				SWIFT_EMIT_LOC_STRINGS = YES;
				SWIFT_VERSION = 5.0;
				TARGETED_DEVICE_FAMILY = "1,2";
			};
			name = Debug;
		};
		F859F0F62C70964A00D3A10E /* Release */ = {
			isa = XCBuildConfiguration;
			buildSettings = {
				ASSETCATALOG_COMPILER_APPICON_NAME = AppIcon;
				ASSETCATALOG_COMPILER_GLOBAL_ACCENT_COLOR_NAME = AccentColor;
				CODE_SIGN_STYLE = Automatic;
				CURRENT_PROJECT_VERSION = 1;
				DEVELOPMENT_TEAM = G6HATL4S2M;
				GENERATE_INFOPLIST_FILE = YES;
				INFOPLIST_FILE = "ios-udemy-home/Info.plist";
				INFOPLIST_KEY_CFBundleDisplayName = Udemy;
				INFOPLIST_KEY_UIApplicationSupportsIndirectInputEvents = YES;
				INFOPLIST_KEY_UILaunchStoryboardName = LaunchScreen;
				INFOPLIST_KEY_UIMainStoryboardFile = Main;
				INFOPLIST_KEY_UISupportedInterfaceOrientations_iPad = "UIInterfaceOrientationPortrait UIInterfaceOrientationPortraitUpsideDown UIInterfaceOrientationLandscapeLeft UIInterfaceOrientationLandscapeRight";
				INFOPLIST_KEY_UISupportedInterfaceOrientations_iPhone = "UIInterfaceOrientationPortrait UIInterfaceOrientationLandscapeLeft UIInterfaceOrientationLandscapeRight";
				IPHONEOS_DEPLOYMENT_TARGET = 13.0;
				LD_RUNPATH_SEARCH_PATHS = (
					"$(inherited)",
					"@executable_path/Frameworks",
				);
				MARKETING_VERSION = 1.0;
				PRODUCT_BUNDLE_IDENTIFIER = "br.com.shaft.ios-udemy-home";
				PRODUCT_NAME = "$(TARGET_NAME)";
				SWIFT_EMIT_LOC_STRINGS = YES;
				SWIFT_VERSION = 5.0;
				TARGETED_DEVICE_FAMILY = "1,2";
			};
			name = Release;
		};
/* End XCBuildConfiguration section */

/* Begin XCConfigurationList section */
		F859F0DB2C70964800D3A10E /* Build configuration list for PBXProject "ios-udemy-home" */ = {
			isa = XCConfigurationList;
			buildConfigurations = (
				F859F0F22C70964A00D3A10E /* Debug */,
				F859F0F32C70964A00D3A10E /* Release */,
			);
			defaultConfigurationIsVisible = 0;
			defaultConfigurationName = Release;
		};
		F859F0F42C70964A00D3A10E /* Build configuration list for PBXNativeTarget "ios-udemy-home" */ = {
			isa = XCConfigurationList;
			buildConfigurations = (
				F859F0F52C70964A00D3A10E /* Debug */,
				F859F0F62C70964A00D3A10E /* Release */,
			);
			defaultConfigurationIsVisible = 0;
			defaultConfigurationName = Release;
		};
/* End XCConfigurationList section */

/* Begin XCRemoteSwiftPackageReference section */
		F80F67592C709A6B0009D517 /* XCRemoteSwiftPackageReference "SnapKit" */ = {
			isa = XCRemoteSwiftPackageReference;
			repositoryURL = "https://github.com/SnapKit/SnapKit.git";
			requirement = {
				kind = upToNextMajorVersion;
				minimumVersion = 5.7.1;
			};
		};
/* End XCRemoteSwiftPackageReference section */

/* Begin XCSwiftPackageProductDependency section */
		F80F675A2C709A6B0009D517 /* SnapKit */ = {
			isa = XCSwiftPackageProductDependency;
			package = F80F67592C709A6B0009D517 /* XCRemoteSwiftPackageReference "SnapKit" */;
			productName = SnapKit;
		};
/* End XCSwiftPackageProductDependency section */
	};
	rootObject = F859F0D82C70964800D3A10E /* Project object */;
}
